// !$*UTF8*$!
{
	archiveVersion = 1;
	classes = {
	};
	objectVersion = 56;
	objects = {

/* Begin PBXBuildFile section */
		12092CB02CB9382200F30358 /* CensusFlowApp.swift in Sources */ = {isa = PBXBuildFile; fileRef = 12092CAF2CB9382200F30358 /* CensusFlowApp.swift */; };
		12092CB42CB9382300F30358 /* Assets.xcassets in Resources */ = {isa = PBXBuildFile; fileRef = 12092CB32CB9382300F30358 /* Assets.xcassets */; };
		12092CB72CB9382300F30358 /* Preview Assets.xcassets in Resources */ = {isa = PBXBuildFile; fileRef = 12092CB62CB9382300F30358 /* Preview Assets.xcassets */; };
		12092CDD2CB9388200F30358 /* Tabs.swift in Sources */ = {isa = PBXBuildFile; fileRef = 12092CDC2CB9388200F30358 /* Tabs.swift */; };
		12092CE12CB9391400F30358 /* State.swift in Sources */ = {isa = PBXBuildFile; fileRef = 12092CE02CB9391400F30358 /* State.swift */; };
		12092CE32CB9391E00F30358 /* Nation.swift in Sources */ = {isa = PBXBuildFile; fileRef = 12092CE22CB9391E00F30358 /* Nation.swift */; };
		12092CE52CB9393F00F30358 /* StatesList.swift in Sources */ = {isa = PBXBuildFile; fileRef = 12092CE42CB9393F00F30358 /* StatesList.swift */; };
		12092CE72CB9395000F30358 /* NationList.swift in Sources */ = {isa = PBXBuildFile; fileRef = 12092CE62CB9395000F30358 /* NationList.swift */; };
		12092CEB2CB9398900F30358 /* NationViewModel.swift in Sources */ = {isa = PBXBuildFile; fileRef = 12092CEA2CB9398900F30358 /* NationViewModel.swift */; };
		12092CED2CB9399200F30358 /* StatesViewModel.swift in Sources */ = {isa = PBXBuildFile; fileRef = 12092CEC2CB9399200F30358 /* StatesViewModel.swift */; };
		12092CEF2CB939B100F30358 /* NationConstants.swift in Sources */ = {isa = PBXBuildFile; fileRef = 12092CEE2CB939B100F30358 /* NationConstants.swift */; };
		12092CF12CB939C100F30358 /* StatesConstants.swift in Sources */ = {isa = PBXBuildFile; fileRef = 12092CF02CB939C100F30358 /* StatesConstants.swift */; };
		12092CF42CB93A0000F30358 /* NationVMUnitTests.swift in Sources */ = {isa = PBXBuildFile; fileRef = 12092CF32CB93A0000F30358 /* NationVMUnitTests.swift */; };
		12092CF62CB93A2500F30358 /* StatesVMUnitTests.swift in Sources */ = {isa = PBXBuildFile; fileRef = 12092CF52CB93A2500F30358 /* StatesVMUnitTests.swift */; };
		12092CFB2CB93A6E00F30358 /* NationConstantsUnitTests.swift in Sources */ = {isa = PBXBuildFile; fileRef = 12092CFA2CB93A6E00F30358 /* NationConstantsUnitTests.swift */; };
		12092CFD2CB93A8500F30358 /* StatesConstantsUnitTests.swift in Sources */ = {isa = PBXBuildFile; fileRef = 12092CFC2CB93A8500F30358 /* StatesConstantsUnitTests.swift */; };
		12092D042CB93B5300F30358 /* MockURLProtocol.swift in Sources */ = {isa = PBXBuildFile; fileRef = 12092D032CB93B5300F30358 /* MockURLProtocol.swift */; };
		12092D0A2CB940F300F30358 /* TabsConstants.swift in Sources */ = {isa = PBXBuildFile; fileRef = 12092D092CB940F300F30358 /* TabsConstants.swift */; };
		12092D0C2CB941E500F30358 /* Colors.swift in Sources */ = {isa = PBXBuildFile; fileRef = 12092D0B2CB941E500F30358 /* Colors.swift */; };
		12092D0E2CB9423000F30358 /* TabsConstantsUnitTests.swift in Sources */ = {isa = PBXBuildFile; fileRef = 12092D0D2CB9423000F30358 /* TabsConstantsUnitTests.swift */; };
		12092D102CB9423F00F30358 /* ColorsConstantsUnitTests.swift in Sources */ = {isa = PBXBuildFile; fileRef = 12092D0F2CB9423F00F30358 /* ColorsConstantsUnitTests.swift */; };
		12092D132CB94ABB00F30358 /* Errors.swift in Sources */ = {isa = PBXBuildFile; fileRef = 12092D122CB94ABB00F30358 /* Errors.swift */; };
		12092D152CB9533F00F30358 /* USADataAPI.swift in Sources */ = {isa = PBXBuildFile; fileRef = 12092D142CB9533F00F30358 /* USADataAPI.swift */; };
		12092D172CB9548300F30358 /* MockUSADataAPI.swift in Sources */ = {isa = PBXBuildFile; fileRef = 12092D162CB9548300F30358 /* MockUSADataAPI.swift */; };
		12092D1A2CB954A700F30358 /* USADataProtocol.swift in Sources */ = {isa = PBXBuildFile; fileRef = 12092D192CB954A700F30358 /* USADataProtocol.swift */; };
		12092D1F2CB95C8F00F30358 /* USADataNationAPIUnitTests.swift in Sources */ = {isa = PBXBuildFile; fileRef = 12092D1E2CB95C8F00F30358 /* USADataNationAPIUnitTests.swift */; };
		12092D212CB95CC600F30358 /* USADataStatesAPIUnitTests.swift in Sources */ = {isa = PBXBuildFile; fileRef = 12092D202CB95CC600F30358 /* USADataStatesAPIUnitTests.swift */; };
		12092D602CB9A41200F30358 /* NationData.swift in Sources */ = {isa = PBXBuildFile; fileRef = 12092D5F2CB9A41200F30358 /* NationData.swift */; };
		12092D642CB9A44400F30358 /* StateData.swift in Sources */ = {isa = PBXBuildFile; fileRef = 12092D632CB9A44400F30358 /* StateData.swift */; };
		12092D662CB9B03B00F30358 /* NationRow.swift in Sources */ = {isa = PBXBuildFile; fileRef = 12092D652CB9B03B00F30358 /* NationRow.swift */; };
		12092D682CB9B13200F30358 /* NationHeader.swift in Sources */ = {isa = PBXBuildFile; fileRef = 12092D672CB9B13200F30358 /* NationHeader.swift */; };
		12092D6C2CB9D73F00F30358 /* StateHeader.swift in Sources */ = {isa = PBXBuildFile; fileRef = 12092D6B2CB9D73F00F30358 /* StateHeader.swift */; };
		12092D6E2CB9D74700F30358 /* StateRow.swift in Sources */ = {isa = PBXBuildFile; fileRef = 12092D6D2CB9D74700F30358 /* StateRow.swift */; };
		12092D792CBA04A300F30358 /* InfoSheet.swift in Sources */ = {isa = PBXBuildFile; fileRef = 12092D782CBA04A300F30358 /* InfoSheet.swift */; };
		12092D7B2CBA053200F30358 /* GeneralConstants.swift in Sources */ = {isa = PBXBuildFile; fileRef = 12092D7A2CBA053200F30358 /* GeneralConstants.swift */; };
		12092D7D2CBAAC8B00F30358 /* GeneralConstantsUnitTests.swift in Sources */ = {isa = PBXBuildFile; fileRef = 12092D7C2CBAAC8B00F30358 /* GeneralConstantsUnitTests.swift */; };
		12092D7F2CBAB8D000F30358 /* ErrorScreen.swift in Sources */ = {isa = PBXBuildFile; fileRef = 12092D7E2CBAB8D000F30358 /* ErrorScreen.swift */; };
		12092D812CBAC23000F30358 /* NationCustomList.swift in Sources */ = {isa = PBXBuildFile; fileRef = 12092D802CBAC23000F30358 /* NationCustomList.swift */; };
		12092D852CBAC32C00F30358 /* LoadingView.swift in Sources */ = {isa = PBXBuildFile; fileRef = 12092D842CBAC32C00F30358 /* LoadingView.swift */; };
		12092D872CBAC3CB00F30358 /* StatesCustomList.swift in Sources */ = {isa = PBXBuildFile; fileRef = 12092D862CBAC3CB00F30358 /* StatesCustomList.swift */; };
/* End PBXBuildFile section */

/* Begin PBXContainerItemProxy section */
		12092CBD2CB9382300F30358 /* PBXContainerItemProxy */ = {
			isa = PBXContainerItemProxy;
			containerPortal = 12092CA42CB9382200F30358 /* Project object */;
			proxyType = 1;
			remoteGlobalIDString = 12092CAB2CB9382200F30358;
			remoteInfo = CensusFlow;
		};
/* End PBXContainerItemProxy section */

/* Begin PBXFileReference section */
		12092CAC2CB9382200F30358 /* CensusFlow.app */ = {isa = PBXFileReference; explicitFileType = wrapper.application; includeInIndex = 0; path = CensusFlow.app; sourceTree = BUILT_PRODUCTS_DIR; };
		12092CAF2CB9382200F30358 /* CensusFlowApp.swift */ = {isa = PBXFileReference; lastKnownFileType = sourcecode.swift; path = CensusFlowApp.swift; sourceTree = "<group>"; };
		12092CB32CB9382300F30358 /* Assets.xcassets */ = {isa = PBXFileReference; lastKnownFileType = folder.assetcatalog; path = Assets.xcassets; sourceTree = "<group>"; };
		12092CB62CB9382300F30358 /* Preview Assets.xcassets */ = {isa = PBXFileReference; lastKnownFileType = folder.assetcatalog; path = "Preview Assets.xcassets"; sourceTree = "<group>"; };
		12092CBC2CB9382300F30358 /* CensusFlowTests.xctest */ = {isa = PBXFileReference; explicitFileType = wrapper.cfbundle; includeInIndex = 0; path = CensusFlowTests.xctest; sourceTree = BUILT_PRODUCTS_DIR; };
		12092CDC2CB9388200F30358 /* Tabs.swift */ = {isa = PBXFileReference; lastKnownFileType = sourcecode.swift; path = Tabs.swift; sourceTree = "<group>"; };
		12092CE02CB9391400F30358 /* State.swift */ = {isa = PBXFileReference; lastKnownFileType = sourcecode.swift; path = State.swift; sourceTree = "<group>"; };
		12092CE22CB9391E00F30358 /* Nation.swift */ = {isa = PBXFileReference; lastKnownFileType = sourcecode.swift; path = Nation.swift; sourceTree = "<group>"; };
		12092CE42CB9393F00F30358 /* StatesList.swift */ = {isa = PBXFileReference; lastKnownFileType = sourcecode.swift; path = StatesList.swift; sourceTree = "<group>"; };
		12092CE62CB9395000F30358 /* NationList.swift */ = {isa = PBXFileReference; lastKnownFileType = sourcecode.swift; path = NationList.swift; sourceTree = "<group>"; };
		12092CEA2CB9398900F30358 /* NationViewModel.swift */ = {isa = PBXFileReference; lastKnownFileType = sourcecode.swift; path = NationViewModel.swift; sourceTree = "<group>"; };
		12092CEC2CB9399200F30358 /* StatesViewModel.swift */ = {isa = PBXFileReference; lastKnownFileType = sourcecode.swift; path = StatesViewModel.swift; sourceTree = "<group>"; };
		12092CEE2CB939B100F30358 /* NationConstants.swift */ = {isa = PBXFileReference; lastKnownFileType = sourcecode.swift; path = NationConstants.swift; sourceTree = "<group>"; };
		12092CF02CB939C100F30358 /* StatesConstants.swift */ = {isa = PBXFileReference; lastKnownFileType = sourcecode.swift; path = StatesConstants.swift; sourceTree = "<group>"; };
		12092CF22CB93A0000F30358 /* CensusFlowTests-Bridging-Header.h */ = {isa = PBXFileReference; lastKnownFileType = sourcecode.c.h; path = "CensusFlowTests-Bridging-Header.h"; sourceTree = "<group>"; };
		12092CF32CB93A0000F30358 /* NationVMUnitTests.swift */ = {isa = PBXFileReference; lastKnownFileType = sourcecode.swift; path = NationVMUnitTests.swift; sourceTree = "<group>"; };
		12092CF52CB93A2500F30358 /* StatesVMUnitTests.swift */ = {isa = PBXFileReference; lastKnownFileType = sourcecode.swift; path = StatesVMUnitTests.swift; sourceTree = "<group>"; };
		12092CFA2CB93A6E00F30358 /* NationConstantsUnitTests.swift */ = {isa = PBXFileReference; lastKnownFileType = sourcecode.swift; path = NationConstantsUnitTests.swift; sourceTree = "<group>"; };
		12092CFC2CB93A8500F30358 /* StatesConstantsUnitTests.swift */ = {isa = PBXFileReference; lastKnownFileType = sourcecode.swift; path = StatesConstantsUnitTests.swift; sourceTree = "<group>"; };
		12092D032CB93B5300F30358 /* MockURLProtocol.swift */ = {isa = PBXFileReference; lastKnownFileType = sourcecode.swift; path = MockURLProtocol.swift; sourceTree = "<group>"; };
		12092D092CB940F300F30358 /* TabsConstants.swift */ = {isa = PBXFileReference; lastKnownFileType = sourcecode.swift; path = TabsConstants.swift; sourceTree = "<group>"; };
		12092D0B2CB941E500F30358 /* Colors.swift */ = {isa = PBXFileReference; lastKnownFileType = sourcecode.swift; path = Colors.swift; sourceTree = "<group>"; };
		12092D0D2CB9423000F30358 /* TabsConstantsUnitTests.swift */ = {isa = PBXFileReference; lastKnownFileType = sourcecode.swift; path = TabsConstantsUnitTests.swift; sourceTree = "<group>"; };
		12092D0F2CB9423F00F30358 /* ColorsConstantsUnitTests.swift */ = {isa = PBXFileReference; lastKnownFileType = sourcecode.swift; path = ColorsConstantsUnitTests.swift; sourceTree = "<group>"; };
		12092D122CB94ABB00F30358 /* Errors.swift */ = {isa = PBXFileReference; lastKnownFileType = sourcecode.swift; path = Errors.swift; sourceTree = "<group>"; };
		12092D142CB9533F00F30358 /* USADataAPI.swift */ = {isa = PBXFileReference; lastKnownFileType = sourcecode.swift; path = USADataAPI.swift; sourceTree = "<group>"; };
		12092D162CB9548300F30358 /* MockUSADataAPI.swift */ = {isa = PBXFileReference; lastKnownFileType = sourcecode.swift; path = MockUSADataAPI.swift; sourceTree = "<group>"; };
		12092D192CB954A700F30358 /* USADataProtocol.swift */ = {isa = PBXFileReference; lastKnownFileType = sourcecode.swift; path = USADataProtocol.swift; sourceTree = "<group>"; };
		12092D1E2CB95C8F00F30358 /* USADataNationAPIUnitTests.swift */ = {isa = PBXFileReference; lastKnownFileType = sourcecode.swift; path = USADataNationAPIUnitTests.swift; sourceTree = "<group>"; };
		12092D202CB95CC600F30358 /* USADataStatesAPIUnitTests.swift */ = {isa = PBXFileReference; lastKnownFileType = sourcecode.swift; path = USADataStatesAPIUnitTests.swift; sourceTree = "<group>"; };
		12092D5F2CB9A41200F30358 /* NationData.swift */ = {isa = PBXFileReference; lastKnownFileType = sourcecode.swift; path = NationData.swift; sourceTree = "<group>"; };
		12092D632CB9A44400F30358 /* StateData.swift */ = {isa = PBXFileReference; lastKnownFileType = sourcecode.swift; path = StateData.swift; sourceTree = "<group>"; };
		12092D652CB9B03B00F30358 /* NationRow.swift */ = {isa = PBXFileReference; lastKnownFileType = sourcecode.swift; path = NationRow.swift; sourceTree = "<group>"; };
		12092D672CB9B13200F30358 /* NationHeader.swift */ = {isa = PBXFileReference; lastKnownFileType = sourcecode.swift; path = NationHeader.swift; sourceTree = "<group>"; };
		12092D6B2CB9D73F00F30358 /* StateHeader.swift */ = {isa = PBXFileReference; lastKnownFileType = sourcecode.swift; path = StateHeader.swift; sourceTree = "<group>"; };
		12092D6D2CB9D74700F30358 /* StateRow.swift */ = {isa = PBXFileReference; lastKnownFileType = sourcecode.swift; path = StateRow.swift; sourceTree = "<group>"; };
		12092D782CBA04A300F30358 /* InfoSheet.swift */ = {isa = PBXFileReference; lastKnownFileType = sourcecode.swift; path = InfoSheet.swift; sourceTree = "<group>"; };
		12092D7A2CBA053200F30358 /* GeneralConstants.swift */ = {isa = PBXFileReference; lastKnownFileType = sourcecode.swift; path = GeneralConstants.swift; sourceTree = "<group>"; };
		12092D7C2CBAAC8B00F30358 /* GeneralConstantsUnitTests.swift */ = {isa = PBXFileReference; lastKnownFileType = sourcecode.swift; path = GeneralConstantsUnitTests.swift; sourceTree = "<group>"; };
		12092D7E2CBAB8D000F30358 /* ErrorScreen.swift */ = {isa = PBXFileReference; lastKnownFileType = sourcecode.swift; path = ErrorScreen.swift; sourceTree = "<group>"; };
		12092D802CBAC23000F30358 /* NationCustomList.swift */ = {isa = PBXFileReference; lastKnownFileType = sourcecode.swift; path = NationCustomList.swift; sourceTree = "<group>"; };
		12092D842CBAC32C00F30358 /* LoadingView.swift */ = {isa = PBXFileReference; lastKnownFileType = sourcecode.swift; path = LoadingView.swift; sourceTree = "<group>"; };
		12092D862CBAC3CB00F30358 /* StatesCustomList.swift */ = {isa = PBXFileReference; lastKnownFileType = sourcecode.swift; path = StatesCustomList.swift; sourceTree = "<group>"; };
/* End PBXFileReference section */

/* Begin PBXFrameworksBuildPhase section */
		12092CA92CB9382200F30358 /* Frameworks */ = {
			isa = PBXFrameworksBuildPhase;
			buildActionMask = 2147483647;
			files = (
			);
			runOnlyForDeploymentPostprocessing = 0;
		};
		12092CB92CB9382300F30358 /* Frameworks */ = {
			isa = PBXFrameworksBuildPhase;
			buildActionMask = 2147483647;
			files = (
			);
			runOnlyForDeploymentPostprocessing = 0;
		};
/* End PBXFrameworksBuildPhase section */

/* Begin PBXGroup section */
		12092CA32CB9382200F30358 = {
			isa = PBXGroup;
			children = (
				12092CAE2CB9382200F30358 /* CensusFlow */,
				12092CBF2CB9382300F30358 /* CensusFlowTests */,
				12092CAD2CB9382200F30358 /* Products */,
			);
			sourceTree = "<group>";
		};
		12092CAD2CB9382200F30358 /* Products */ = {
			isa = PBXGroup;
			children = (
				12092CAC2CB9382200F30358 /* CensusFlow.app */,
				12092CBC2CB9382300F30358 /* CensusFlowTests.xctest */,
			);
			name = Products;
			sourceTree = "<group>";
		};
		12092CAE2CB9382200F30358 /* CensusFlow */ = {
			isa = PBXGroup;
			children = (
				12092D5E2CB99AC800F30358 /* Components */,
				12092D182CB9549700F30358 /* Protocols */,
				12092CFE2CB93B1A00F30358 /* Service */,
				12092CDF2CB938DE00F30358 /* Constants */,
				12092CDB2CB9385600F30358 /* ViewModels */,
				12092CDA2CB9385000F30358 /* Views */,
				12092CD92CB9384B00F30358 /* Models */,
				12092CAF2CB9382200F30358 /* CensusFlowApp.swift */,
				12092CB32CB9382300F30358 /* Assets.xcassets */,
				12092CB52CB9382300F30358 /* Preview Content */,
			);
			path = CensusFlow;
			sourceTree = "<group>";
		};
		12092CB52CB9382300F30358 /* Preview Content */ = {
			isa = PBXGroup;
			children = (
				12092CB62CB9382300F30358 /* Preview Assets.xcassets */,
			);
			path = "Preview Content";
			sourceTree = "<group>";
		};
		12092CBF2CB9382300F30358 /* CensusFlowTests */ = {
			isa = PBXGroup;
			children = (
				12092CDE2CB938AB00F30358 /* UnitTests */,
			);
			path = CensusFlowTests;
			sourceTree = "<group>";
		};
		12092CD92CB9384B00F30358 /* Models */ = {
			isa = PBXGroup;
			children = (
				12092D622CB9A43100F30358 /* StateModels */,
				12092D612CB9A41F00F30358 /* NationModels */,
				12092D112CB94AAD00F30358 /* Enum */,
			);
			path = Models;
			sourceTree = "<group>";
		};
		12092CDA2CB9385000F30358 /* Views */ = {
			isa = PBXGroup;
			children = (
				12092CE92CB9395C00F30358 /* TabViews */,
				12092CE82CB9395400F30358 /* MainView */,
			);
			path = Views;
			sourceTree = "<group>";
		};
		12092CDB2CB9385600F30358 /* ViewModels */ = {
			isa = PBXGroup;
			children = (
				12092CEA2CB9398900F30358 /* NationViewModel.swift */,
				12092CEC2CB9399200F30358 /* StatesViewModel.swift */,
			);
			path = ViewModels;
			sourceTree = "<group>";
		};
		12092CDE2CB938AB00F30358 /* UnitTests */ = {
			isa = PBXGroup;
			children = (
				12092D1B2CB9596000F30358 /* Services */,
				12092CF92CB93A4F00F30358 /* Constants */,
				12092CF82CB93A4500F30358 /* ViewModels */,
				12092CF72CB93A3F00F30358 /* Mocks */,
				12092CF22CB93A0000F30358 /* CensusFlowTests-Bridging-Header.h */,
			);
			path = UnitTests;
			sourceTree = "<group>";
		};
		12092CDF2CB938DE00F30358 /* Constants */ = {
			isa = PBXGroup;
			children = (
				12092CEE2CB939B100F30358 /* NationConstants.swift */,
				12092D092CB940F300F30358 /* TabsConstants.swift */,
				12092CF02CB939C100F30358 /* StatesConstants.swift */,
				12092D0B2CB941E500F30358 /* Colors.swift */,
				12092D7A2CBA053200F30358 /* GeneralConstants.swift */,
			);
			path = Constants;
			sourceTree = "<group>";
		};
		12092CE82CB9395400F30358 /* MainView */ = {
			isa = PBXGroup;
			children = (
				12092CDC2CB9388200F30358 /* Tabs.swift */,
			);
			path = MainView;
			sourceTree = "<group>";
		};
		12092CE92CB9395C00F30358 /* TabViews */ = {
			isa = PBXGroup;
			children = (
				12092CE62CB9395000F30358 /* NationList.swift */,
				12092CE42CB9393F00F30358 /* StatesList.swift */,
			);
			path = TabViews;
			sourceTree = "<group>";
		};
		12092CF72CB93A3F00F30358 /* Mocks */ = {
			isa = PBXGroup;
			children = (
				12092D032CB93B5300F30358 /* MockURLProtocol.swift */,
				12092D162CB9548300F30358 /* MockUSADataAPI.swift */,
			);
			path = Mocks;
			sourceTree = "<group>";
		};
		12092CF82CB93A4500F30358 /* ViewModels */ = {
			isa = PBXGroup;
			children = (
				12092CF52CB93A2500F30358 /* StatesVMUnitTests.swift */,
				12092CF32CB93A0000F30358 /* NationVMUnitTests.swift */,
			);
			path = ViewModels;
			sourceTree = "<group>";
		};
		12092CF92CB93A4F00F30358 /* Constants */ = {
			isa = PBXGroup;
			children = (
				12092CFA2CB93A6E00F30358 /* NationConstantsUnitTests.swift */,
				12092CFC2CB93A8500F30358 /* StatesConstantsUnitTests.swift */,
				12092D0D2CB9423000F30358 /* TabsConstantsUnitTests.swift */,
				12092D0F2CB9423F00F30358 /* ColorsConstantsUnitTests.swift */,
				12092D7C2CBAAC8B00F30358 /* GeneralConstantsUnitTests.swift */,
			);
			path = Constants;
			sourceTree = "<group>";
		};
		12092CFE2CB93B1A00F30358 /* Service */ = {
			isa = PBXGroup;
			children = (
				12092D142CB9533F00F30358 /* USADataAPI.swift */,
			);
			path = Service;
			sourceTree = "<group>";
		};
		12092D112CB94AAD00F30358 /* Enum */ = {
			isa = PBXGroup;
			children = (
				12092D122CB94ABB00F30358 /* Errors.swift */,
			);
			path = Enum;
			sourceTree = "<group>";
		};
		12092D182CB9549700F30358 /* Protocols */ = {
			isa = PBXGroup;
			children = (
				12092D192CB954A700F30358 /* USADataProtocol.swift */,
			);
			path = Protocols;
			sourceTree = "<group>";
		};
		12092D1B2CB9596000F30358 /* Services */ = {
			isa = PBXGroup;
			children = (
				12092D1E2CB95C8F00F30358 /* USADataNationAPIUnitTests.swift */,
				12092D202CB95CC600F30358 /* USADataStatesAPIUnitTests.swift */,
			);
			path = Services;
			sourceTree = "<group>";
		};
		12092D5E2CB99AC800F30358 /* Components */ = {
			isa = PBXGroup;
			children = (
				12092D6A2CB9D72A00F30358 /* StateComponents */,
				12092D692CB9D72400F30358 /* NationComponents */,
				12092D782CBA04A300F30358 /* InfoSheet.swift */,
				12092D7E2CBAB8D000F30358 /* ErrorScreen.swift */,
				12092D842CBAC32C00F30358 /* LoadingView.swift */,
			);
			path = Components;
			sourceTree = "<group>";
		};
		12092D612CB9A41F00F30358 /* NationModels */ = {
			isa = PBXGroup;
			children = (
				12092D5F2CB9A41200F30358 /* NationData.swift */,
				12092CE22CB9391E00F30358 /* Nation.swift */,
			);
			path = NationModels;
			sourceTree = "<group>";
		};
		12092D622CB9A43100F30358 /* StateModels */ = {
			isa = PBXGroup;
			children = (
				12092CE02CB9391400F30358 /* State.swift */,
				12092D632CB9A44400F30358 /* StateData.swift */,
			);
			path = StateModels;
			sourceTree = "<group>";
		};
		12092D692CB9D72400F30358 /* NationComponents */ = {
			isa = PBXGroup;
			children = (
				12092D672CB9B13200F30358 /* NationHeader.swift */,
				12092D652CB9B03B00F30358 /* NationRow.swift */,
				12092D802CBAC23000F30358 /* NationCustomList.swift */,
			);
			path = NationComponents;
			sourceTree = "<group>";
		};
		12092D6A2CB9D72A00F30358 /* StateComponents */ = {
			isa = PBXGroup;
			children = (
				12092D6B2CB9D73F00F30358 /* StateHeader.swift */,
				12092D6D2CB9D74700F30358 /* StateRow.swift */,
				12092D862CBAC3CB00F30358 /* StatesCustomList.swift */,
			);
			path = StateComponents;
			sourceTree = "<group>";
		};
/* End PBXGroup section */

/* Begin PBXNativeTarget section */
		12092CAB2CB9382200F30358 /* CensusFlow */ = {
			isa = PBXNativeTarget;
			buildConfigurationList = 12092CD02CB9382300F30358 /* Build configuration list for PBXNativeTarget "CensusFlow" */;
			buildPhases = (
				12092CA82CB9382200F30358 /* Sources */,
				12092CA92CB9382200F30358 /* Frameworks */,
				12092CAA2CB9382200F30358 /* Resources */,
			);
			buildRules = (
			);
			dependencies = (
			);
			name = CensusFlow;
			productName = CensusFlow;
			productReference = 12092CAC2CB9382200F30358 /* CensusFlow.app */;
			productType = "com.apple.product-type.application";
		};
		12092CBB2CB9382300F30358 /* CensusFlowTests */ = {
			isa = PBXNativeTarget;
			buildConfigurationList = 12092CD32CB9382300F30358 /* Build configuration list for PBXNativeTarget "CensusFlowTests" */;
			buildPhases = (
				12092CB82CB9382300F30358 /* Sources */,
				12092CB92CB9382300F30358 /* Frameworks */,
				12092CBA2CB9382300F30358 /* Resources */,
			);
			buildRules = (
			);
			dependencies = (
				12092CBE2CB9382300F30358 /* PBXTargetDependency */,
			);
			name = CensusFlowTests;
			productName = CensusFlowTests;
			productReference = 12092CBC2CB9382300F30358 /* CensusFlowTests.xctest */;
			productType = "com.apple.product-type.bundle.unit-test";
		};
/* End PBXNativeTarget section */

/* Begin PBXProject section */
		12092CA42CB9382200F30358 /* Project object */ = {
			isa = PBXProject;
			attributes = {
				BuildIndependentTargetsInParallel = 1;
				LastSwiftUpdateCheck = 1540;
				LastUpgradeCheck = 1540;
				TargetAttributes = {
					12092CAB2CB9382200F30358 = {
						CreatedOnToolsVersion = 15.4;
					};
					12092CBB2CB9382300F30358 = {
						CreatedOnToolsVersion = 15.4;
						LastSwiftMigration = 1540;
						TestTargetID = 12092CAB2CB9382200F30358;
					};
				};
			};
			buildConfigurationList = 12092CA72CB9382200F30358 /* Build configuration list for PBXProject "CensusFlow" */;
			compatibilityVersion = "Xcode 14.0";
			developmentRegion = en;
			hasScannedForEncodings = 0;
			knownRegions = (
				en,
				Base,
			);
			mainGroup = 12092CA32CB9382200F30358;
			productRefGroup = 12092CAD2CB9382200F30358 /* Products */;
			projectDirPath = "";
			projectRoot = "";
			targets = (
				12092CAB2CB9382200F30358 /* CensusFlow */,
				12092CBB2CB9382300F30358 /* CensusFlowTests */,
			);
		};
/* End PBXProject section */

/* Begin PBXResourcesBuildPhase section */
		12092CAA2CB9382200F30358 /* Resources */ = {
			isa = PBXResourcesBuildPhase;
			buildActionMask = 2147483647;
			files = (
				12092CB72CB9382300F30358 /* Preview Assets.xcassets in Resources */,
				12092CB42CB9382300F30358 /* Assets.xcassets in Resources */,
			);
			runOnlyForDeploymentPostprocessing = 0;
		};
		12092CBA2CB9382300F30358 /* Resources */ = {
			isa = PBXResourcesBuildPhase;
			buildActionMask = 2147483647;
			files = (
			);
			runOnlyForDeploymentPostprocessing = 0;
		};
/* End PBXResourcesBuildPhase section */

/* Begin PBXSourcesBuildPhase section */
		12092CA82CB9382200F30358 /* Sources */ = {
			isa = PBXSourcesBuildPhase;
			buildActionMask = 2147483647;
			files = (
				12092CED2CB9399200F30358 /* StatesViewModel.swift in Sources */,
				12092D7B2CBA053200F30358 /* GeneralConstants.swift in Sources */,
				12092D132CB94ABB00F30358 /* Errors.swift in Sources */,
				12092CEB2CB9398900F30358 /* NationViewModel.swift in Sources */,
				12092CE72CB9395000F30358 /* NationList.swift in Sources */,
				12092D1A2CB954A700F30358 /* USADataProtocol.swift in Sources */,
				12092D662CB9B03B00F30358 /* NationRow.swift in Sources */,
				12092D0C2CB941E500F30358 /* Colors.swift in Sources */,
				12092D792CBA04A300F30358 /* InfoSheet.swift in Sources */,
				12092D872CBAC3CB00F30358 /* StatesCustomList.swift in Sources */,
				12092D0A2CB940F300F30358 /* TabsConstants.swift in Sources */,
				12092CE52CB9393F00F30358 /* StatesList.swift in Sources */,
				12092D852CBAC32C00F30358 /* LoadingView.swift in Sources */,
				12092D812CBAC23000F30358 /* NationCustomList.swift in Sources */,
				12092D682CB9B13200F30358 /* NationHeader.swift in Sources */,
				12092D6E2CB9D74700F30358 /* StateRow.swift in Sources */,
				12092D6C2CB9D73F00F30358 /* StateHeader.swift in Sources */,
				12092D7F2CBAB8D000F30358 /* ErrorScreen.swift in Sources */,
				12092D152CB9533F00F30358 /* USADataAPI.swift in Sources */,
				12092D642CB9A44400F30358 /* StateData.swift in Sources */,
				12092CE32CB9391E00F30358 /* Nation.swift in Sources */,
				12092CB02CB9382200F30358 /* CensusFlowApp.swift in Sources */,
				12092CDD2CB9388200F30358 /* Tabs.swift in Sources */,
				12092CE12CB9391400F30358 /* State.swift in Sources */,
				12092CEF2CB939B100F30358 /* NationConstants.swift in Sources */,
				12092D602CB9A41200F30358 /* NationData.swift in Sources */,
				12092CF12CB939C100F30358 /* StatesConstants.swift in Sources */,
			);
			runOnlyForDeploymentPostprocessing = 0;
		};
		12092CB82CB9382300F30358 /* Sources */ = {
			isa = PBXSourcesBuildPhase;
			buildActionMask = 2147483647;
			files = (
				12092CF62CB93A2500F30358 /* StatesVMUnitTests.swift in Sources */,
				12092D0E2CB9423000F30358 /* TabsConstantsUnitTests.swift in Sources */,
				12092D1F2CB95C8F00F30358 /* USADataNationAPIUnitTests.swift in Sources */,
				12092D102CB9423F00F30358 /* ColorsConstantsUnitTests.swift in Sources */,
				12092CFD2CB93A8500F30358 /* StatesConstantsUnitTests.swift in Sources */,
				12092D212CB95CC600F30358 /* USADataStatesAPIUnitTests.swift in Sources */,
				12092D042CB93B5300F30358 /* MockURLProtocol.swift in Sources */,
				12092CFB2CB93A6E00F30358 /* NationConstantsUnitTests.swift in Sources */,
				12092D172CB9548300F30358 /* MockUSADataAPI.swift in Sources */,
				12092D7D2CBAAC8B00F30358 /* GeneralConstantsUnitTests.swift in Sources */,
				12092CF42CB93A0000F30358 /* NationVMUnitTests.swift in Sources */,
			);
			runOnlyForDeploymentPostprocessing = 0;
		};
/* End PBXSourcesBuildPhase section */

/* Begin PBXTargetDependency section */
		12092CBE2CB9382300F30358 /* PBXTargetDependency */ = {
			isa = PBXTargetDependency;
			target = 12092CAB2CB9382200F30358 /* CensusFlow */;
			targetProxy = 12092CBD2CB9382300F30358 /* PBXContainerItemProxy */;
		};
/* End PBXTargetDependency section */

/* Begin XCBuildConfiguration section */
		12092CCE2CB9382300F30358 /* Debug */ = {
			isa = XCBuildConfiguration;
			buildSettings = {
				ALWAYS_SEARCH_USER_PATHS = NO;
				ASSETCATALOG_COMPILER_GENERATE_SWIFT_ASSET_SYMBOL_EXTENSIONS = YES;
				CLANG_ANALYZER_NONNULL = YES;
				CLANG_ANALYZER_NUMBER_OBJECT_CONVERSION = YES_AGGRESSIVE;
				CLANG_CXX_LANGUAGE_STANDARD = "gnu++20";
				CLANG_ENABLE_MODULES = YES;
				CLANG_ENABLE_OBJC_ARC = YES;
				CLANG_ENABLE_OBJC_WEAK = YES;
				CLANG_WARN_BLOCK_CAPTURE_AUTORELEASING = YES;
				CLANG_WARN_BOOL_CONVERSION = YES;
				CLANG_WARN_COMMA = YES;
				CLANG_WARN_CONSTANT_CONVERSION = YES;
				CLANG_WARN_DEPRECATED_OBJC_IMPLEMENTATIONS = YES;
				CLANG_WARN_DIRECT_OBJC_ISA_USAGE = YES_ERROR;
				CLANG_WARN_DOCUMENTATION_COMMENTS = YES;
				CLANG_WARN_EMPTY_BODY = YES;
				CLANG_WARN_ENUM_CONVERSION = YES;
				CLANG_WARN_INFINITE_RECURSION = YES;
				CLANG_WARN_INT_CONVERSION = YES;
				CLANG_WARN_NON_LITERAL_NULL_CONVERSION = YES;
				CLANG_WARN_OBJC_IMPLICIT_RETAIN_SELF = YES;
				CLANG_WARN_OBJC_LITERAL_CONVERSION = YES;
				CLANG_WARN_OBJC_ROOT_CLASS = YES_ERROR;
				CLANG_WARN_QUOTED_INCLUDE_IN_FRAMEWORK_HEADER = YES;
				CLANG_WARN_RANGE_LOOP_ANALYSIS = YES;
				CLANG_WARN_STRICT_PROTOTYPES = YES;
				CLANG_WARN_SUSPICIOUS_MOVE = YES;
				CLANG_WARN_UNGUARDED_AVAILABILITY = YES_AGGRESSIVE;
				CLANG_WARN_UNREACHABLE_CODE = YES;
				CLANG_WARN__DUPLICATE_METHOD_MATCH = YES;
				COPY_PHASE_STRIP = NO;
				DEBUG_INFORMATION_FORMAT = dwarf;
				ENABLE_STRICT_OBJC_MSGSEND = YES;
				ENABLE_TESTABILITY = YES;
				ENABLE_USER_SCRIPT_SANDBOXING = YES;
				GCC_C_LANGUAGE_STANDARD = gnu17;
				GCC_DYNAMIC_NO_PIC = NO;
				GCC_NO_COMMON_BLOCKS = YES;
				GCC_OPTIMIZATION_LEVEL = 0;
				GCC_PREPROCESSOR_DEFINITIONS = (
					"DEBUG=1",
					"$(inherited)",
				);
				GCC_WARN_64_TO_32_BIT_CONVERSION = YES;
				GCC_WARN_ABOUT_RETURN_TYPE = YES_ERROR;
				GCC_WARN_UNDECLARED_SELECTOR = YES;
				GCC_WARN_UNINITIALIZED_AUTOS = YES_AGGRESSIVE;
				GCC_WARN_UNUSED_FUNCTION = YES;
				GCC_WARN_UNUSED_VARIABLE = YES;
				IPHONEOS_DEPLOYMENT_TARGET = 17.5;
				LOCALIZATION_PREFERS_STRING_CATALOGS = YES;
				MTL_ENABLE_DEBUG_INFO = INCLUDE_SOURCE;
				MTL_FAST_MATH = YES;
				ONLY_ACTIVE_ARCH = YES;
				SDKROOT = iphoneos;
				SWIFT_ACTIVE_COMPILATION_CONDITIONS = "DEBUG $(inherited)";
				SWIFT_OPTIMIZATION_LEVEL = "-Onone";
			};
			name = Debug;
		};
		12092CCF2CB9382300F30358 /* Release */ = {
			isa = XCBuildConfiguration;
			buildSettings = {
				ALWAYS_SEARCH_USER_PATHS = NO;
				ASSETCATALOG_COMPILER_GENERATE_SWIFT_ASSET_SYMBOL_EXTENSIONS = YES;
				CLANG_ANALYZER_NONNULL = YES;
				CLANG_ANALYZER_NUMBER_OBJECT_CONVERSION = YES_AGGRESSIVE;
				CLANG_CXX_LANGUAGE_STANDARD = "gnu++20";
				CLANG_ENABLE_MODULES = YES;
				CLANG_ENABLE_OBJC_ARC = YES;
				CLANG_ENABLE_OBJC_WEAK = YES;
				CLANG_WARN_BLOCK_CAPTURE_AUTORELEASING = YES;
				CLANG_WARN_BOOL_CONVERSION = YES;
				CLANG_WARN_COMMA = YES;
				CLANG_WARN_CONSTANT_CONVERSION = YES;
				CLANG_WARN_DEPRECATED_OBJC_IMPLEMENTATIONS = YES;
				CLANG_WARN_DIRECT_OBJC_ISA_USAGE = YES_ERROR;
				CLANG_WARN_DOCUMENTATION_COMMENTS = YES;
				CLANG_WARN_EMPTY_BODY = YES;
				CLANG_WARN_ENUM_CONVERSION = YES;
				CLANG_WARN_INFINITE_RECURSION = YES;
				CLANG_WARN_INT_CONVERSION = YES;
				CLANG_WARN_NON_LITERAL_NULL_CONVERSION = YES;
				CLANG_WARN_OBJC_IMPLICIT_RETAIN_SELF = YES;
				CLANG_WARN_OBJC_LITERAL_CONVERSION = YES;
				CLANG_WARN_OBJC_ROOT_CLASS = YES_ERROR;
				CLANG_WARN_QUOTED_INCLUDE_IN_FRAMEWORK_HEADER = YES;
				CLANG_WARN_RANGE_LOOP_ANALYSIS = YES;
				CLANG_WARN_STRICT_PROTOTYPES = YES;
				CLANG_WARN_SUSPICIOUS_MOVE = YES;
				CLANG_WARN_UNGUARDED_AVAILABILITY = YES_AGGRESSIVE;
				CLANG_WARN_UNREACHABLE_CODE = YES;
				CLANG_WARN__DUPLICATE_METHOD_MATCH = YES;
				COPY_PHASE_STRIP = NO;
				DEBUG_INFORMATION_FORMAT = "dwarf-with-dsym";
				ENABLE_NS_ASSERTIONS = NO;
				ENABLE_STRICT_OBJC_MSGSEND = YES;
				ENABLE_USER_SCRIPT_SANDBOXING = YES;
				GCC_C_LANGUAGE_STANDARD = gnu17;
				GCC_NO_COMMON_BLOCKS = YES;
				GCC_WARN_64_TO_32_BIT_CONVERSION = YES;
				GCC_WARN_ABOUT_RETURN_TYPE = YES_ERROR;
				GCC_WARN_UNDECLARED_SELECTOR = YES;
				GCC_WARN_UNINITIALIZED_AUTOS = YES_AGGRESSIVE;
				GCC_WARN_UNUSED_FUNCTION = YES;
				GCC_WARN_UNUSED_VARIABLE = YES;
				IPHONEOS_DEPLOYMENT_TARGET = 17.5;
				LOCALIZATION_PREFERS_STRING_CATALOGS = YES;
				MTL_ENABLE_DEBUG_INFO = NO;
				MTL_FAST_MATH = YES;
				SDKROOT = iphoneos;
				SWIFT_COMPILATION_MODE = wholemodule;
				VALIDATE_PRODUCT = YES;
			};
			name = Release;
		};
		12092CD12CB9382300F30358 /* Debug */ = {
			isa = XCBuildConfiguration;
			buildSettings = {
				ASSETCATALOG_COMPILER_APPICON_NAME = AppIcon;
				ASSETCATALOG_COMPILER_GLOBAL_ACCENT_COLOR_NAME = AccentColor;
				CODE_SIGN_STYLE = Automatic;
				CURRENT_PROJECT_VERSION = 1;
				DEVELOPMENT_ASSET_PATHS = "\"CensusFlow/Preview Content\"";
				DEVELOPMENT_TEAM = 76X35WT69V;
				ENABLE_PREVIEWS = YES;
				GENERATE_INFOPLIST_FILE = YES;
				INFOPLIST_KEY_UIApplicationSceneManifest_Generation = YES;
				INFOPLIST_KEY_UIApplicationSupportsIndirectInputEvents = YES;
				INFOPLIST_KEY_UILaunchScreen_Generation = YES;
				INFOPLIST_KEY_UISupportedInterfaceOrientations_iPad = "UIInterfaceOrientationPortrait UIInterfaceOrientationPortraitUpsideDown UIInterfaceOrientationLandscapeLeft UIInterfaceOrientationLandscapeRight";
				INFOPLIST_KEY_UISupportedInterfaceOrientations_iPhone = "UIInterfaceOrientationPortrait UIInterfaceOrientationLandscapeLeft UIInterfaceOrientationLandscapeRight";
				LD_RUNPATH_SEARCH_PATHS = (
					"$(inherited)",
					"@executable_path/Frameworks",
				);
				MARKETING_VERSION = 1.0;
				PRODUCT_BUNDLE_IDENTIFIER = davidLourenco.CensusFlow;
				PRODUCT_NAME = "$(TARGET_NAME)";
				SWIFT_EMIT_LOC_STRINGS = YES;
				SWIFT_VERSION = 5.0;
				TARGETED_DEVICE_FAMILY = "1,2";
			};
			name = Debug;
		};
		12092CD22CB9382300F30358 /* Release */ = {
			isa = XCBuildConfiguration;
			buildSettings = {
				ASSETCATALOG_COMPILER_APPICON_NAME = AppIcon;
				ASSETCATALOG_COMPILER_GLOBAL_ACCENT_COLOR_NAME = AccentColor;
				CODE_SIGN_STYLE = Automatic;
				CURRENT_PROJECT_VERSION = 1;
				DEVELOPMENT_ASSET_PATHS = "\"CensusFlow/Preview Content\"";
				DEVELOPMENT_TEAM = 76X35WT69V;
				ENABLE_PREVIEWS = YES;
				GENERATE_INFOPLIST_FILE = YES;
				INFOPLIST_KEY_UIApplicationSceneManifest_Generation = YES;
				INFOPLIST_KEY_UIApplicationSupportsIndirectInputEvents = YES;
				INFOPLIST_KEY_UILaunchScreen_Generation = YES;
				INFOPLIST_KEY_UISupportedInterfaceOrientations_iPad = "UIInterfaceOrientationPortrait UIInterfaceOrientationPortraitUpsideDown UIInterfaceOrientationLandscapeLeft UIInterfaceOrientationLandscapeRight";
				INFOPLIST_KEY_UISupportedInterfaceOrientations_iPhone = "UIInterfaceOrientationPortrait UIInterfaceOrientationLandscapeLeft UIInterfaceOrientationLandscapeRight";
				LD_RUNPATH_SEARCH_PATHS = (
					"$(inherited)",
					"@executable_path/Frameworks",
				);
				MARKETING_VERSION = 1.0;
				PRODUCT_BUNDLE_IDENTIFIER = davidLourenco.CensusFlow;
				PRODUCT_NAME = "$(TARGET_NAME)";
				SWIFT_EMIT_LOC_STRINGS = YES;
				SWIFT_VERSION = 5.0;
				TARGETED_DEVICE_FAMILY = "1,2";
			};
			name = Release;
		};
		12092CD42CB9382300F30358 /* Debug */ = {
			isa = XCBuildConfiguration;
			buildSettings = {
				ALWAYS_EMBED_SWIFT_STANDARD_LIBRARIES = YES;
				BUNDLE_LOADER = "$(TEST_HOST)";
				CLANG_ENABLE_MODULES = YES;
				CODE_SIGN_STYLE = Automatic;
				CURRENT_PROJECT_VERSION = 1;
				DEVELOPMENT_TEAM = 76X35WT69V;
				GENERATE_INFOPLIST_FILE = YES;
				IPHONEOS_DEPLOYMENT_TARGET = 17.5;
				MARKETING_VERSION = 1.0;
				PRODUCT_BUNDLE_IDENTIFIER = davidLourenco.CensusFlowTests;
				PRODUCT_NAME = "$(TARGET_NAME)";
				SWIFT_EMIT_LOC_STRINGS = NO;
				SWIFT_OBJC_BRIDGING_HEADER = "CensusFlowTests/UnitTests/CensusFlowTests-Bridging-Header.h";
				SWIFT_OPTIMIZATION_LEVEL = "-Onone";
				SWIFT_VERSION = 5.0;
				TARGETED_DEVICE_FAMILY = "1,2";
				TEST_HOST = "$(BUILT_PRODUCTS_DIR)/CensusFlow.app/$(BUNDLE_EXECUTABLE_FOLDER_PATH)/CensusFlow";
			};
			name = Debug;
		};
		12092CD52CB9382300F30358 /* Release */ = {
			isa = XCBuildConfiguration;
			buildSettings = {
				ALWAYS_EMBED_SWIFT_STANDARD_LIBRARIES = YES;
				BUNDLE_LOADER = "$(TEST_HOST)";
				CLANG_ENABLE_MODULES = YES;
				CODE_SIGN_STYLE = Automatic;
				CURRENT_PROJECT_VERSION = 1;
				DEVELOPMENT_TEAM = 76X35WT69V;
				GENERATE_INFOPLIST_FILE = YES;
				IPHONEOS_DEPLOYMENT_TARGET = 17.5;
				MARKETING_VERSION = 1.0;
				PRODUCT_BUNDLE_IDENTIFIER = davidLourenco.CensusFlowTests;
				PRODUCT_NAME = "$(TARGET_NAME)";
				SWIFT_EMIT_LOC_STRINGS = NO;
				SWIFT_OBJC_BRIDGING_HEADER = "CensusFlowTests/UnitTests/CensusFlowTests-Bridging-Header.h";
				SWIFT_VERSION = 5.0;
				TARGETED_DEVICE_FAMILY = "1,2";
				TEST_HOST = "$(BUILT_PRODUCTS_DIR)/CensusFlow.app/$(BUNDLE_EXECUTABLE_FOLDER_PATH)/CensusFlow";
			};
			name = Release;
		};
/* End XCBuildConfiguration section */

/* Begin XCConfigurationList section */
		12092CA72CB9382200F30358 /* Build configuration list for PBXProject "CensusFlow" */ = {
			isa = XCConfigurationList;
			buildConfigurations = (
				12092CCE2CB9382300F30358 /* Debug */,
				12092CCF2CB9382300F30358 /* Release */,
			);
			defaultConfigurationIsVisible = 0;
			defaultConfigurationName = Release;
		};
		12092CD02CB9382300F30358 /* Build configuration list for PBXNativeTarget "CensusFlow" */ = {
			isa = XCConfigurationList;
			buildConfigurations = (
				12092CD12CB9382300F30358 /* Debug */,
				12092CD22CB9382300F30358 /* Release */,
			);
			defaultConfigurationIsVisible = 0;
			defaultConfigurationName = Release;
		};
		12092CD32CB9382300F30358 /* Build configuration list for PBXNativeTarget "CensusFlowTests" */ = {
			isa = XCConfigurationList;
			buildConfigurations = (
				12092CD42CB9382300F30358 /* Debug */,
				12092CD52CB9382300F30358 /* Release */,
			);
			defaultConfigurationIsVisible = 0;
			defaultConfigurationName = Release;
		};
/* End XCConfigurationList section */
	};
	rootObject = 12092CA42CB9382200F30358 /* Project object */;
}
